%{"benchwarmer": {:hex, :benchwarmer, "0.0.2", "902e5c020608647b07c38b82103e4af6d2667dfd5d5d13c67382238de6943136", [:mix], []},
  "bunt": {:hex, :bunt, "0.1.6", "5d95a6882f73f3b9969fdfd1953798046664e6f77ec4e486e6fafc7caad97c6f", [:mix], []},
  "credo": {:hex, :credo, "0.4.12", "f5e1973405ea25c6e64959fb0b6bf92950147a0278cc2a002a491b45f78f7b87", [:mix], [{:bunt, "~> 0.1.6", [hex: :bunt, optional: false]}]},
  "dialyze": {:hex, :dialyze, "0.2.1", "9fb71767f96649020d769db7cbd7290059daff23707d6e851e206b1fdfa92f9d", [:mix], []},
  "earmark": {:hex, :earmark, "0.2.1", "ba6d26ceb16106d069b289df66751734802777a3cbb6787026dd800ffeb850f3", [:mix], []},
  "ex_doc": {:hex, :ex_doc, "0.12.0", "b774aabfede4af31c0301aece12371cbd25995a21bb3d71d66f5c2fe074c603f", [:mix], [{:earmark, "~> 0.2", [hex: :earmark, optional: false]}]},
  "exprintf": {:hex, :exprintf, "0.1.6", "b5b0a38bf78a357dbc61cdf7364fea004af6fdf5214be44021eb2ea7edf61f6e", [:mix], []},
  "exprof": {:hex, :exprof, "0.2.0", "b03f50d0d33e2f18c8e047d9188ba765dc32daba0b553ed717a98a78561d5eaf", [:mix], [{:exprintf, "~> 0.1", [hex: :exprintf, optional: false]}]},
  "thrift": {:hex, :thrift, "1.3.0", "d12c2689ba4dcfa33ecd2c99d783cc205fa2a47176c8c972a7e0e5b137023ffd", [:mix], []}}
